# This file is automatically @generated by Cargo.
# It is not intended for manual editing.
version = 3

[[package]]
name = "dialog"
version = "0.1.0"
dependencies = [
 "flipperzero",
 "flipperzero-alloc",
 "flipperzero-rt",
 "flipperzero-sys",
]

[[package]]
name = "flipperzero"
version = "0.7.1"
dependencies = [
 "flipperzero-sys",
]

[[package]]
name = "flipperzero-alloc"
version = "0.7.1"
dependencies = [
 "flipperzero-sys",
]

[[package]]
name = "flipperzero-rt"
version = "0.7.1"
dependencies = [
 "flipperzero-sys",
]

[[package]]
name = "flipperzero-sys"
version = "0.7.1"
