# This file is automatically @generated by Cargo.
# It is not intended for manual editing.
version = 3

[[package]]
name = "flipperzero"
version = "0.6.0-alpha"
dependencies = [
 "flipperzero-sys",
]

[[package]]
name = "flipperzero-gui"
version = "0.6.0-alpha"
dependencies = [
 "flipperzero",
 "flipperzero-sys",
]

[[package]]
name = "flipperzero-rt"
version = "0.6.0-alpha"
dependencies = [
 "flipperzero-sys",
]

[[package]]
name = "flipperzero-sys"
version = "0.6.0-alpha"

[[package]]
name = "gui"
version = "0.1.0"
dependencies = [
 "flipperzero",
 "flipperzero-gui",
 "flipperzero-rt",
 "flipperzero-sys",
]
